
Microsoft Visual Studio Solution File, Format Version 12.00
# Visual Studio Version 16
VisualStudioVersion = 16.0.808.1
MinimumVisualStudioVersion = 10.0.40219.1
Project("{FAE04EC0-301F-11D3-BF4B-00C04F79EFBC}") = "testApp", "testApp.csproj", "{C17733B8-D1A4-48E7-8A11-398A3101C8EC}"
EndProject
Global
	GlobalSection(SolutionConfigurationPlatforms) = preSolution
		Debug|Any CPU = Debug|Any CPU
		Release|Any CPU = Release|Any CPU
	EndGlobalSection
	GlobalSection(ProjectConfigurationPlatforms) = postSolution
		{C17733B8-D1A4-48E7-8A11-398A3101C8EC}.Debug|Any CPU.ActiveCfg = Debug|Any CPU
		{C17733B8-D1A4-48E7-8A11-398A3101C8EC}.Debug|Any CPU.Build.0 = Debug|Any CPU
		{C17733B8-D1A4-48E7-8A11-398A3101C8EC}.Release|Any CPU.ActiveCfg = Release|Any CPU
		{C17733B8-D1A4-48E7-8A11-398A3101C8EC}.Release|Any CPU.Build.0 = Release|Any CPU
	EndGlobalSection
	GlobalSection(SolutionProperties) = preSolution
		HideSolutionNode = FALSE
	EndGlobalSection
	GlobalSection(ExtensibilityGlobals) = postSolution
		SolutionGuid = {083F6578-72A9-466C-9717-4A8E5784F283}
	EndGlobalSection
EndGlobal
